dependencies:
- name: kube-prometheus-stack
  repository: https://prometheus-community.github.io/helm-charts
  version: 53.0.0
- name: telegraf
  repository: https://helm.influxdata.com/
  version: 1.8.23
digest: sha256:7cdd0e2ce640bf55699180fd181685e765f0ab3aa0e5569ef9808a3f601b3b72
generated: "2025-09-15T16:55:52.932516+10:00"
