dependencies:
- name: kube-prometheus-stack
  repository: https://prometheus-community.github.io/helm-charts
  version: 53.0.0
- name: telegraf
  repository: https://helm.influxdata.com/
  version: 1.8.23
- name: vector
  repository: https://helm.vector.dev
  version: 0.29.0
digest: sha256:6e837765954b1e20c31872b0d156e6e6d88faea0fa4d326c19c103176054189b
generated: "2025-09-01T13:28:00.130174+10:00"
