dependencies:
- name: base
  repository: https://istio-release.storage.googleapis.com/charts
  version: 1.27.0
- name: istiod
  repository: https://istio-release.storage.googleapis.com/charts
  version: 1.27.0
- name: gateway
  repository: https://istio-release.storage.googleapis.com/charts
  version: 1.27.0
digest: sha256:99964051abd66520507f379a441f2fe801da17593b15b274eba7bf3606d287ac
generated: "2025-09-01T10:20:57.152996+10:00"
